// !$*UTF8*$!
{
	archiveVersion = 1;
	classes = {
	};
	objectVersion = 50;
	objects = {

/* Begin PBXBuildFile section */
		575DFDE7275736B500E6767C /* JojosBizarreAdventureApp.swift in Sources */ = {isa = PBXBuildFile; fileRef = 575DFDE6275736B500E6767C /* JojosBizarreAdventureApp.swift */; };
		575DFDE9275736B500E6767C /* ContentView.swift in Sources */ = {isa = PBXBuildFile; fileRef = 575DFDE8275736B500E6767C /* ContentView.swift */; };
		575DFDEB275736BD00E6767C /* Assets.xcassets in Resources */ = {isa = PBXBuildFile; fileRef = 575DFDEA275736BD00E6767C /* Assets.xcassets */; };
		575DFDEE275736BD00E6767C /* Preview Assets.xcassets in Resources */ = {isa = PBXBuildFile; fileRef = 575DFDED275736BD00E6767C /* Preview Assets.xcassets */; };
		575DFDF8275736E300E6767C /* Column.swift in Sources */ = {isa = PBXBuildFile; fileRef = 575DFDF7275736E300E6767C /* Column.swift */; };
		575DFDFB2757370400E6767C /* AnimationData.swift in Sources */ = {isa = PBXBuildFile; fileRef = 575DFDFA2757370400E6767C /* AnimationData.swift */; };
		575DFDFE2757372100E6767C /* Experience.swift in Sources */ = {isa = PBXBuildFile; fileRef = 575DFDFD2757372100E6767C /* Experience.swift */; };
/* End PBXBuildFile section */

/* Begin PBXFileReference section */
		575DFDE3275736B500E6767C /* JojosBizarreAdventure.app */ = {isa = PBXFileReference; explicitFileType = wrapper.application; includeInIndex = 0; path = JojosBizarreAdventure.app; sourceTree = BUILT_PRODUCTS_DIR; };
		575DFDE6275736B500E6767C /* JojosBizarreAdventureApp.swift */ = {isa = PBXFileReference; lastKnownFileType = sourcecode.swift; path = JojosBizarreAdventureApp.swift; sourceTree = "<group>"; };
		575DFDE8275736B500E6767C /* ContentView.swift */ = {isa = PBXFileReference; lastKnownFileType = sourcecode.swift; path = ContentView.swift; sourceTree = "<group>"; };
		575DFDEA275736BD00E6767C /* Assets.xcassets */ = {isa = PBXFileReference; lastKnownFileType = folder.assetcatalog; path = Assets.xcassets; sourceTree = "<group>"; };
		575DFDED275736BD00E6767C /* Preview Assets.xcassets */ = {isa = PBXFileReference; lastKnownFileType = folder.assetcatalog; path = "Preview Assets.xcassets"; sourceTree = "<group>"; };
		575DFDEF275736BD00E6767C /* Info.plist */ = {isa = PBXFileReference; lastKnownFileType = text.plist.xml; path = Info.plist; sourceTree = "<group>"; };
		575DFDF7275736E300E6767C /* Column.swift */ = {isa = PBXFileReference; lastKnownFileType = sourcecode.swift; path = Column.swift; sourceTree = "<group>"; };
		575DFDFA2757370400E6767C /* AnimationData.swift */ = {isa = PBXFileReference; lastKnownFileType = sourcecode.swift; path = AnimationData.swift; sourceTree = "<group>"; };
		575DFDFD2757372100E6767C /* Experience.swift */ = {isa = PBXFileReference; lastKnownFileType = sourcecode.swift; path = Experience.swift; sourceTree = "<group>"; };
/* End PBXFileReference section */

/* Begin PBXFrameworksBuildPhase section */
		575DFDE0275736B500E6767C /* Frameworks */ = {
			isa = PBXFrameworksBuildPhase;
			buildActionMask = 2147483647;
			files = (
			);
			runOnlyForDeploymentPostprocessing = 0;
		};
/* End PBXFrameworksBuildPhase section */

/* Begin PBXGroup section */
		575DFDDA275736B500E6767C = {
			isa = PBXGroup;
			children = (
				575DFDE5275736B500E6767C /* JojosBizarreAdventure */,
				575DFDE4275736B500E6767C /* Products */,
			);
			sourceTree = "<group>";
		};
		575DFDE4275736B500E6767C /* Products */ = {
			isa = PBXGroup;
			children = (
				575DFDE3275736B500E6767C /* JojosBizarreAdventure.app */,
			);
			name = Products;
			sourceTree = "<group>";
		};
		575DFDE5275736B500E6767C /* JojosBizarreAdventure */ = {
			isa = PBXGroup;
			children = (
				575DFDE6275736B500E6767C /* JojosBizarreAdventureApp.swift */,
				575DFDE8275736B500E6767C /* ContentView.swift */,
				575DFDEA275736BD00E6767C /* Assets.xcassets */,
				575DFDEF275736BD00E6767C /* Info.plist */,
				575DFDEC275736BD00E6767C /* Preview Content */,
				575DFDF7275736E300E6767C /* Column.swift */,
				575DFDFD2757372100E6767C /* Experience.swift */,
				575DFDFA2757370400E6767C /* AnimationData.swift */,
			);
			path = JojosBizarreAdventure;
			sourceTree = "<group>";
		};
		575DFDEC275736BD00E6767C /* Preview Content */ = {
			isa = PBXGroup;
			children = (
				575DFDED275736BD00E6767C /* Preview Assets.xcassets */,
			);
			path = "Preview Content";
			sourceTree = "<group>";
		};
/* End PBXGroup section */

/* Begin PBXNativeTarget section */
		575DFDE2275736B500E6767C /* JojosBizarreAdventure */ = {
			isa = PBXNativeTarget;
			buildConfigurationList = 575DFDF2275736BD00E6767C /* Build configuration list for PBXNativeTarget "JojosBizarreAdventure" */;
			buildPhases = (
				575DFDDF275736B500E6767C /* Sources */,
				575DFDE0275736B500E6767C /* Frameworks */,
				575DFDE1275736B500E6767C /* Resources */,
			);
			buildRules = (
			);
			dependencies = (
			);
			name = JojosBizarreAdventure;
			productName = JojosBizarreAdventure;
			productReference = 575DFDE3275736B500E6767C /* JojosBizarreAdventure.app */;
			productType = "com.apple.product-type.application";
		};
/* End PBXNativeTarget section */

/* Begin PBXProject section */
		575DFDDB275736B500E6767C /* Project object */ = {
			isa = PBXProject;
			attributes = {
				LastSwiftUpdateCheck = 1240;
				LastUpgradeCheck = 1240;
				TargetAttributes = {
					575DFDE2275736B500E6767C = {
						CreatedOnToolsVersion = 12.4;
					};
				};
			};
			buildConfigurationList = 575DFDDE275736B500E6767C /* Build configuration list for PBXProject "JojosBizarreAdventure" */;
			compatibilityVersion = "Xcode 9.3";
			developmentRegion = en;
			hasScannedForEncodings = 0;
			knownRegions = (
				en,
				Base,
			);
			mainGroup = 575DFDDA275736B500E6767C;
			productRefGroup = 575DFDE4275736B500E6767C /* Products */;
			projectDirPath = "";
			projectRoot = "";
			targets = (
				575DFDE2275736B500E6767C /* JojosBizarreAdventure */,
			);
		};
/* End PBXProject section */

/* Begin PBXResourcesBuildPhase section */
		575DFDE1275736B500E6767C /* Resources */ = {
			isa = PBXResourcesBuildPhase;
			buildActionMask = 2147483647;
			files = (
				575DFDEE275736BD00E6767C /* Preview Assets.xcassets in Resources */,
				575DFDEB275736BD00E6767C /* Assets.xcassets in Resources */,
			);
			runOnlyForDeploymentPostprocessing = 0;
		};
/* End PBXResourcesBuildPhase section */

/* Begin PBXSourcesBuildPhase section */
		575DFDDF275736B500E6767C /* Sources */ = {
			isa = PBXSourcesBuildPhase;
			buildActionMask = 2147483647;
			files = (
				575DFDFB2757370400E6767C /* AnimationData.swift in Sources */,
				575DFDE9275736B500E6767C /* ContentView.swift in Sources */,
				575DFDE7275736B500E6767C /* JojosBizarreAdventureApp.swift in Sources */,
				575DFDFE2757372100E6767C /* Experience.swift in Sources */,
				575DFDF8275736E300E6767C /* Column.swift in Sources */,
			);
			runOnlyForDeploymentPostprocessing = 0;
		};
/* End PBXSourcesBuildPhase section */

/* Begin XCBuildConfiguration section */
		575DFDF0275736BD00E6767C /* Debug */ = {
			isa = XCBuildConfiguration;
			buildSettings = {
				ALWAYS_SEARCH_USER_PATHS = NO;
				CLANG_ANALYZER_NONNULL = YES;
				CLANG_ANALYZER_NUMBER_OBJECT_CONVERSION = YES_AGGRESSIVE;
				CLANG_CXX_LANGUAGE_STANDARD = "gnu++14";
				CLANG_CXX_LIBRARY = "libc++";
				CLANG_ENABLE_MODULES = YES;
				CLANG_ENABLE_OBJC_ARC = YES;
				CLANG_ENABLE_OBJC_WEAK = YES;
				CLANG_WARN_BLOCK_CAPTURE_AUTORELEASING = YES;
				CLANG_WARN_BOOL_CONVERSION = YES;
				CLANG_WARN_COMMA = YES;
				CLANG_WARN_CONSTANT_CONVERSION = YES;
				CLANG_WARN_DEPRECATED_OBJC_IMPLEMENTATIONS = YES;
				CLANG_WARN_DIRECT_OBJC_ISA_USAGE = YES_ERROR;
				CLANG_WARN_DOCUMENTATION_COMMENTS = YES;
				CLANG_WARN_EMPTY_BODY = YES;
				CLANG_WARN_ENUM_CONVERSION = YES;
				CLANG_WARN_INFINITE_RECURSION = YES;
				CLANG_WARN_INT_CONVERSION = YES;
				CLANG_WARN_NON_LITERAL_NULL_CONVERSION = YES;
				CLANG_WARN_OBJC_IMPLICIT_RETAIN_SELF = YES;
				CLANG_WARN_OBJC_LITERAL_CONVERSION = YES;
				CLANG_WARN_OBJC_ROOT_CLASS = YES_ERROR;
				CLANG_WARN_QUOTED_INCLUDE_IN_FRAMEWORK_HEADER = YES;
				CLANG_WARN_RANGE_LOOP_ANALYSIS = YES;
				CLANG_WARN_STRICT_PROTOTYPES = YES;
				CLANG_WARN_SUSPICIOUS_MOVE = YES;
				CLANG_WARN_UNGUARDED_AVAILABILITY = YES_AGGRESSIVE;
				CLANG_WARN_UNREACHABLE_CODE = YES;
				CLANG_WARN__DUPLICATE_METHOD_MATCH = YES;
				COPY_PHASE_STRIP = NO;
				DEBUG_INFORMATION_FORMAT = dwarf;
				ENABLE_STRICT_OBJC_MSGSEND = YES;
				ENABLE_TESTABILITY = YES;
				GCC_C_LANGUAGE_STANDARD = gnu11;
				GCC_DYNAMIC_NO_PIC = NO;
				GCC_NO_COMMON_BLOCKS = YES;
				GCC_OPTIMIZATION_LEVEL = 0;
				GCC_PREPROCESSOR_DEFINITIONS = (
					"DEBUG=1",
					"$(inherited)",
				);
				GCC_WARN_64_TO_32_BIT_CONVERSION = YES;
				GCC_WARN_ABOUT_RETURN_TYPE = YES_ERROR;
				GCC_WARN_UNDECLARED_SELECTOR = YES;
				GCC_WARN_UNINITIALIZED_AUTOS = YES_AGGRESSIVE;
				GCC_WARN_UNUSED_FUNCTION = YES;
				GCC_WARN_UNUSED_VARIABLE = YES;
				IPHONEOS_DEPLOYMENT_TARGET = 14.4;
				MTL_ENABLE_DEBUG_INFO = INCLUDE_SOURCE;
				MTL_FAST_MATH = YES;
				ONLY_ACTIVE_ARCH = YES;
				SDKROOT = iphoneos;
				SWIFT_ACTIVE_COMPILATION_CONDITIONS = DEBUG;
				SWIFT_OPTIMIZATION_LEVEL = "-Onone";
			};
			name = Debug;
		};
		575DFDF1275736BD00E6767C /* Release */ = {
			isa = XCBuildConfiguration;
			buildSettings = {
				ALWAYS_SEARCH_USER_PATHS = NO;
				CLANG_ANALYZER_NONNULL = YES;
				CLANG_ANALYZER_NUMBER_OBJECT_CONVERSION = YES_AGGRESSIVE;
				CLANG_CXX_LANGUAGE_STANDARD = "gnu++14";
				CLANG_CXX_LIBRARY = "libc++";
				CLANG_ENABLE_MODULES = YES;
				CLANG_ENABLE_OBJC_ARC = YES;
				CLANG_ENABLE_OBJC_WEAK = YES;
				CLANG_WARN_BLOCK_CAPTURE_AUTORELEASING = YES;
				CLANG_WARN_BOOL_CONVERSION = YES;
				CLANG_WARN_COMMA = YES;
				CLANG_WARN_CONSTANT_CONVERSION = YES;
				CLANG_WARN_DEPRECATED_OBJC_IMPLEMENTATIONS = YES;
				CLANG_WARN_DIRECT_OBJC_ISA_USAGE = YES_ERROR;
				CLANG_WARN_DOCUMENTATION_COMMENTS = YES;
				CLANG_WARN_EMPTY_BODY = YES;
				CLANG_WARN_ENUM_CONVERSION = YES;
				CLANG_WARN_INFINITE_RECURSION = YES;
				CLANG_WARN_INT_CONVERSION = YES;
				CLANG_WARN_NON_LITERAL_NULL_CONVERSION = YES;
				CLANG_WARN_OBJC_IMPLICIT_RETAIN_SELF = YES;
				CLANG_WARN_OBJC_LITERAL_CONVERSION = YES;
				CLANG_WARN_OBJC_ROOT_CLASS = YES_ERROR;
				CLANG_WARN_QUOTED_INCLUDE_IN_FRAMEWORK_HEADER = YES;
				CLANG_WARN_RANGE_LOOP_ANALYSIS = YES;
				CLANG_WARN_STRICT_PROTOTYPES = YES;
				CLANG_WARN_SUSPICIOUS_MOVE = YES;
				CLANG_WARN_UNGUARDED_AVAILABILITY = YES_AGGRESSIVE;
				CLANG_WARN_UNREACHABLE_CODE = YES;
				CLANG_WARN__DUPLICATE_METHOD_MATCH = YES;
				COPY_PHASE_STRIP = NO;
				DEBUG_INFORMATION_FORMAT = "dwarf-with-dsym";
				ENABLE_NS_ASSERTIONS = NO;
				ENABLE_STRICT_OBJC_MSGSEND = YES;
				GCC_C_LANGUAGE_STANDARD = gnu11;
				GCC_NO_COMMON_BLOCKS = YES;
				GCC_WARN_64_TO_32_BIT_CONVERSION = YES;
				GCC_WARN_ABOUT_RETURN_TYPE = YES_ERROR;
				GCC_WARN_UNDECLARED_SELECTOR = YES;
				GCC_WARN_UNINITIALIZED_AUTOS = YES_AGGRESSIVE;
				GCC_WARN_UNUSED_FUNCTION = YES;
				GCC_WARN_UNUSED_VARIABLE = YES;
				IPHONEOS_DEPLOYMENT_TARGET = 14.4;
				MTL_ENABLE_DEBUG_INFO = NO;
				MTL_FAST_MATH = YES;
				SDKROOT = iphoneos;
				SWIFT_COMPILATION_MODE = wholemodule;
				SWIFT_OPTIMIZATION_LEVEL = "-O";
				VALIDATE_PRODUCT = YES;
			};
			name = Release;
		};
		575DFDF3275736BD00E6767C /* Debug */ = {
			isa = XCBuildConfiguration;
			buildSettings = {
				ASSETCATALOG_COMPILER_APPICON_NAME = AppIcon;
				ASSETCATALOG_COMPILER_GLOBAL_ACCENT_COLOR_NAME = AccentColor;
				CODE_SIGN_STYLE = Automatic;
				DEVELOPMENT_ASSET_PATHS = "\"JojosBizarreAdventure/Preview Content\"";
				ENABLE_PREVIEWS = YES;
				INFOPLIST_FILE = JojosBizarreAdventure/Info.plist;
				IPHONEOS_DEPLOYMENT_TARGET = 14.0;
				LD_RUNPATH_SEARCH_PATHS = (
					"$(inherited)",
					"@executable_path/Frameworks",
				);
				PRODUCT_BUNDLE_IDENTIFIER = hsumax.JojosBizarreAdventure;
				PRODUCT_NAME = "$(TARGET_NAME)";
				SWIFT_VERSION = 5.0;
				TARGETED_DEVICE_FAMILY = "1,2";
			};
			name = Debug;
		};
		575DFDF4275736BD00E6767C /* Release */ = {
			isa = XCBuildConfiguration;
			buildSettings = {
				ASSETCATALOG_COMPILER_APPICON_NAME = AppIcon;
				ASSETCATALOG_COMPILER_GLOBAL_ACCENT_COLOR_NAME = AccentColor;
				CODE_SIGN_STYLE = Automatic;
				DEVELOPMENT_ASSET_PATHS = "\"JojosBizarreAdventure/Preview Content\"";
				ENABLE_PREVIEWS = YES;
				INFOPLIST_FILE = JojosBizarreAdventure/Info.plist;
				IPHONEOS_DEPLOYMENT_TARGET = 14.0;
				LD_RUNPATH_SEARCH_PATHS = (
					"$(inherited)",
					"@executable_path/Frameworks",
				);
				PRODUCT_BUNDLE_IDENTIFIER = hsumax.JojosBizarreAdventure;
				PRODUCT_NAME = "$(TARGET_NAME)";
				SWIFT_VERSION = 5.0;
				TARGETED_DEVICE_FAMILY = "1,2";
			};
			name = Release;
		};
/* End XCBuildConfiguration section */

/* Begin XCConfigurationList section */
		575DFDDE275736B500E6767C /* Build configuration list for PBXProject "JojosBizarreAdventure" */ = {
			isa = XCConfigurationList;
			buildConfigurations = (
				575DFDF0275736BD00E6767C /* Debug */,
				575DFDF1275736BD00E6767C /* Release */,
			);
			defaultConfigurationIsVisible = 0;
			defaultConfigurationName = Release;
		};
		575DFDF2275736BD00E6767C /* Build configuration list for PBXNativeTarget "JojosBizarreAdventure" */ = {
			isa = XCConfigurationList;
			buildConfigurations = (
				575DFDF3275736BD00E6767C /* Debug */,
				575DFDF4275736BD00E6767C /* Release */,
			);
			defaultConfigurationIsVisible = 0;
			defaultConfigurationName = Release;
		};
/* End XCConfigurationList section */
	};
	rootObject = 575DFDDB275736B500E6767C /* Project object */;
}
